
Microsoft Visual Studio Solution File, Format Version 11.00
# Visual Studio 2010
# SharpDevelop 5.1
Project("{FAE04EC0-301F-11D3-BF4B-00C04F79EFBC}") = "e", "e\e.csproj", "{492FDAA9-4B4A-41B8-80F8-95FA1C610914}"
EndProject
Global
	GlobalSection(SolutionConfigurationPlatforms) = preSolution
		Debug|Any CPU = Debug|Any CPU
		Release|Any CPU = Release|Any CPU
	EndGlobalSection
	GlobalSection(ProjectConfigurationPlatforms) = postSolution
		{492FDAA9-4B4A-41B8-80F8-95FA1C610914}.Debug|Any CPU.ActiveCfg = Debug|Any CPU
		{492FDAA9-4B4A-41B8-80F8-95FA1C610914}.Debug|Any CPU.Build.0 = Debug|Any CPU
		{492FDAA9-4B4A-41B8-80F8-95FA1C610914}.Release|Any CPU.ActiveCfg = Release|Any CPU
		{492FDAA9-4B4A-41B8-80F8-95FA1C610914}.Release|Any CPU.Build.0 = Release|Any CPU
	EndGlobalSection
EndGlobal
